
Microsoft Visual Studio Solution File, Format Version 12.00
# Visual Studio Version 17
VisualStudioVersion = 17.3.32922.545
MinimumVisualStudioVersion = 10.0.40219.1
Project("{FAE04EC0-301F-11D3-BF4B-00C04F79EFBC}") = "Ejercicio_30", "Ejercicio_30\Ejercicio_30.csproj", "{C7253AA8-3045-4526-BA21-9B78E319FDCF}"
EndProject
Global
	GlobalSection(SolutionConfigurationPlatforms) = preSolution
		Debug|Any CPU = Debug|Any CPU
		Release|Any CPU = Release|Any CPU
	EndGlobalSection
	GlobalSection(ProjectConfigurationPlatforms) = postSolution
		{C7253AA8-3045-4526-BA21-9B78E319FDCF}.Debug|Any CPU.ActiveCfg = Debug|Any CPU
		{C7253AA8-3045-4526-BA21-9B78E319FDCF}.Debug|Any CPU.Build.0 = Debug|Any CPU
		{C7253AA8-3045-4526-BA21-9B78E319FDCF}.Release|Any CPU.ActiveCfg = Release|Any CPU
		{C7253AA8-3045-4526-BA21-9B78E319FDCF}.Release|Any CPU.Build.0 = Release|Any CPU
	EndGlobalSection
	GlobalSection(SolutionProperties) = preSolution
		HideSolutionNode = FALSE
	EndGlobalSection
	GlobalSection(ExtensibilityGlobals) = postSolution
		SolutionGuid = {513FEC9F-B621-41F1-A5E8-A48ACB2C8582}
	EndGlobalSection
EndGlobal
